
Microsoft Visual Studio Solution File, Format Version 12.00
# Visual Studio 14
VisualStudioVersion = 14.0.25420.1
MinimumVisualStudioVersion = 10.0.40219.1
Project("{FAE04EC0-301F-11D3-BF4B-00C04F79EFBC}") = "Admin", "Admin\Admin.csproj", "{C1CA538E-FDFF-4BE2-B466-38573B4B8A00}"
EndProject
Project("{FAE04EC0-301F-11D3-BF4B-00C04F79EFBC}") = "GraphicsTest", "GraphicsTest\GraphicsTest.csproj", "{BB0CC853-24DC-4520-A001-5D79183C9E19}"
EndProject
Global
	GlobalSection(SolutionConfigurationPlatforms) = preSolution
		Debug|Any CPU = Debug|Any CPU
		Release|Any CPU = Release|Any CPU
	EndGlobalSection
	GlobalSection(ProjectConfigurationPlatforms) = postSolution
		{C1CA538E-FDFF-4BE2-B466-38573B4B8A00}.Debug|Any CPU.ActiveCfg = Debug|Any CPU
		{C1CA538E-FDFF-4BE2-B466-38573B4B8A00}.Debug|Any CPU.Build.0 = Debug|Any CPU
		{C1CA538E-FDFF-4BE2-B466-38573B4B8A00}.Release|Any CPU.ActiveCfg = Release|Any CPU
		{C1CA538E-FDFF-4BE2-B466-38573B4B8A00}.Release|Any CPU.Build.0 = Release|Any CPU
		{BB0CC853-24DC-4520-A001-5D79183C9E19}.Debug|Any CPU.ActiveCfg = Debug|Any CPU
		{BB0CC853-24DC-4520-A001-5D79183C9E19}.Debug|Any CPU.Build.0 = Debug|Any CPU
		{BB0CC853-24DC-4520-A001-5D79183C9E19}.Release|Any CPU.ActiveCfg = Release|Any CPU
		{BB0CC853-24DC-4520-A001-5D79183C9E19}.Release|Any CPU.Build.0 = Release|Any CPU
	EndGlobalSection
	GlobalSection(SolutionProperties) = preSolution
		HideSolutionNode = FALSE
	EndGlobalSection
EndGlobal
